
Microsoft Visual Studio Solution File, Format Version 12.00
# Visual Studio Version 16
VisualStudioVersion = 16.0.31019.35
MinimumVisualStudioVersion = 10.0.40219.1
Project("{FAE04EC0-301F-11D3-BF4B-00C04F79EFBC}") = "AppAnimes", "AppAnimes.csproj", "{CE873F39-2F70-4FBB-8290-D5C5841FBA10}"
EndProject
Global
	GlobalSection(SolutionConfigurationPlatforms) = preSolution
		Debug|Any CPU = Debug|Any CPU
		Release|Any CPU = Release|Any CPU
	EndGlobalSection
	GlobalSection(ProjectConfigurationPlatforms) = postSolution
		{CE873F39-2F70-4FBB-8290-D5C5841FBA10}.Debug|Any CPU.ActiveCfg = Debug|Any CPU
		{CE873F39-2F70-4FBB-8290-D5C5841FBA10}.Debug|Any CPU.Build.0 = Debug|Any CPU
		{CE873F39-2F70-4FBB-8290-D5C5841FBA10}.Release|Any CPU.ActiveCfg = Release|Any CPU
		{CE873F39-2F70-4FBB-8290-D5C5841FBA10}.Release|Any CPU.Build.0 = Release|Any CPU
	EndGlobalSection
	GlobalSection(SolutionProperties) = preSolution
		HideSolutionNode = FALSE
	EndGlobalSection
	GlobalSection(ExtensibilityGlobals) = postSolution
		SolutionGuid = {181BBF3F-8E75-4894-96DF-2AD21CC7F71A}
	EndGlobalSection
EndGlobal
